
Microsoft Visual Studio Solution File, Format Version 12.00
# Visual Studio 15
VisualStudioVersion = 15.0.28307.271
MinimumVisualStudioVersion = 10.0.40219.1
Project("{FAE04EC0-301F-11D3-BF4B-00C04F79EFBC}") = "ConsoleQuartz", "ConsoleQuartz\ConsoleQuartz.csproj", "{42621DBA-4326-4491-AF37-17ED5A4F3B21}"
EndProject
Project("{9A19103F-16F7-4668-BE54-9A1E7A4F7556}") = "TestConsoleDLL", "TestConsoleDLL\TestConsoleDLL.csproj", "{FAFBB1C6-9148-41A2-83F0-567682F20E67}"
EndProject
Project("{FAE04EC0-301F-11D3-BF4B-00C04F79EFBC}") = "ConsoleQuartz.Common", "ConsoleQuartz.Common\ConsoleQuartz.Common.csproj", "{E52DDF80-CADA-4369-91A9-708E01A73E70}"
EndProject
Global
	GlobalSection(SolutionConfigurationPlatforms) = preSolution
		Debug|Any CPU = Debug|Any CPU
		Debug|x86 = Debug|x86
		Release|Any CPU = Release|Any CPU
		Release|x86 = Release|x86
	EndGlobalSection
	GlobalSection(ProjectConfigurationPlatforms) = postSolution
		{42621DBA-4326-4491-AF37-17ED5A4F3B21}.Debug|Any CPU.ActiveCfg = Debug|Any CPU
		{42621DBA-4326-4491-AF37-17ED5A4F3B21}.Debug|Any CPU.Build.0 = Debug|Any CPU
		{42621DBA-4326-4491-AF37-17ED5A4F3B21}.Debug|x86.ActiveCfg = Debug|Any CPU
		{42621DBA-4326-4491-AF37-17ED5A4F3B21}.Debug|x86.Build.0 = Debug|Any CPU
		{42621DBA-4326-4491-AF37-17ED5A4F3B21}.Release|Any CPU.ActiveCfg = Release|Any CPU
		{42621DBA-4326-4491-AF37-17ED5A4F3B21}.Release|Any CPU.Build.0 = Release|Any CPU
		{42621DBA-4326-4491-AF37-17ED5A4F3B21}.Release|x86.ActiveCfg = Release|Any CPU
		{42621DBA-4326-4491-AF37-17ED5A4F3B21}.Release|x86.Build.0 = Release|Any CPU
		{FAFBB1C6-9148-41A2-83F0-567682F20E67}.Debug|Any CPU.ActiveCfg = Debug|Any CPU
		{FAFBB1C6-9148-41A2-83F0-567682F20E67}.Debug|Any CPU.Build.0 = Debug|Any CPU
		{FAFBB1C6-9148-41A2-83F0-567682F20E67}.Debug|x86.ActiveCfg = Debug|Any CPU
		{FAFBB1C6-9148-41A2-83F0-567682F20E67}.Debug|x86.Build.0 = Debug|Any CPU
		{FAFBB1C6-9148-41A2-83F0-567682F20E67}.Release|Any CPU.ActiveCfg = Release|Any CPU
		{FAFBB1C6-9148-41A2-83F0-567682F20E67}.Release|Any CPU.Build.0 = Release|Any CPU
		{FAFBB1C6-9148-41A2-83F0-567682F20E67}.Release|x86.ActiveCfg = Release|Any CPU
		{FAFBB1C6-9148-41A2-83F0-567682F20E67}.Release|x86.Build.0 = Release|Any CPU
		{E52DDF80-CADA-4369-91A9-708E01A73E70}.Debug|Any CPU.ActiveCfg = Debug|x86
		{E52DDF80-CADA-4369-91A9-708E01A73E70}.Debug|x86.ActiveCfg = Debug|x86
		{E52DDF80-CADA-4369-91A9-708E01A73E70}.Debug|x86.Build.0 = Debug|x86
		{E52DDF80-CADA-4369-91A9-708E01A73E70}.Release|Any CPU.ActiveCfg = Release|x86
		{E52DDF80-CADA-4369-91A9-708E01A73E70}.Release|x86.ActiveCfg = Release|x86
		{E52DDF80-CADA-4369-91A9-708E01A73E70}.Release|x86.Build.0 = Release|x86
	EndGlobalSection
	GlobalSection(SolutionProperties) = preSolution
		HideSolutionNode = FALSE
	EndGlobalSection
	GlobalSection(ExtensibilityGlobals) = postSolution
		SolutionGuid = {A30F82FB-2B60-43D2-BC86-BF29385B2644}
	EndGlobalSection
EndGlobal
